
Microsoft Visual Studio Solution File, Format Version 12.00
# Visual Studio 2013
VisualStudioVersion = 12.0.31101.0
MinimumVisualStudioVersion = 10.0.40219.1
Project("{8BC9CEB8-8B4A-11D0-8D11-00A0C91BC942}") = "Graphics", "Graphics\Graphics.vcxproj", "{CD056680-3D4F-4C47-B00F-556C8FA9EAB5}"
EndProject
Project("{8BC9CEB8-8B4A-11D0-8D11-00A0C91BC942}") = "HSVFilter", "HSVFilter\HSVFilter.vcxproj", "{B0C1D9A5-2658-4E74-9011-8C8B14968337}"
	ProjectSection(ProjectDependencies) = postProject
		{E227B177-91FA-4F02-8666-2AE195744E95} = {E227B177-91FA-4F02-8666-2AE195744E95}
	EndProjectSection
EndProject
Project("{8BC9CEB8-8B4A-11D0-8D11-00A0C91BC942}") = "Common", "Common\Common.vcxproj", "{E227B177-91FA-4F02-8666-2AE195744E95}"
EndProject
Project("{8BC9CEB8-8B4A-11D0-8D11-00A0C91BC942}") = "SoftGlow", "SoftGlow\SoftGlow.vcxproj", "{1C2A82E7-51E5-4185-BDBC-396B5DBD5097}"
	ProjectSection(ProjectDependencies) = postProject
		{E227B177-91FA-4F02-8666-2AE195744E95} = {E227B177-91FA-4F02-8666-2AE195744E95}
	EndProjectSection
EndProject
Project("{8BC9CEB8-8B4A-11D0-8D11-00A0C91BC942}") = "GLFilter", "GLFilter\GLFilter.vcxproj", "{C5233479-382D-43FA-BAA5-80B9F15C5C9E}"
EndProject
Project("{8BC9CEB8-8B4A-11D0-8D11-00A0C91BC942}") = "Curve", "Curve\Curve.vcxproj", "{9D7112FA-78D6-49CE-959A-98A89F917DED}"
EndProject
Global
	GlobalSection(SolutionConfigurationPlatforms) = preSolution
		Debug|Win32 = Debug|Win32
		Release|Win32 = Release|Win32
	EndGlobalSection
	GlobalSection(ProjectConfigurationPlatforms) = postSolution
		{CD056680-3D4F-4C47-B00F-556C8FA9EAB5}.Debug|Win32.ActiveCfg = Debug|Win32
		{CD056680-3D4F-4C47-B00F-556C8FA9EAB5}.Debug|Win32.Build.0 = Debug|Win32
		{CD056680-3D4F-4C47-B00F-556C8FA9EAB5}.Release|Win32.ActiveCfg = Release|Win32
		{CD056680-3D4F-4C47-B00F-556C8FA9EAB5}.Release|Win32.Build.0 = Release|Win32
		{B0C1D9A5-2658-4E74-9011-8C8B14968337}.Debug|Win32.ActiveCfg = Debug|Win32
		{B0C1D9A5-2658-4E74-9011-8C8B14968337}.Debug|Win32.Build.0 = Debug|Win32
		{B0C1D9A5-2658-4E74-9011-8C8B14968337}.Release|Win32.ActiveCfg = Release|Win32
		{B0C1D9A5-2658-4E74-9011-8C8B14968337}.Release|Win32.Build.0 = Release|Win32
		{E227B177-91FA-4F02-8666-2AE195744E95}.Debug|Win32.ActiveCfg = Debug|Win32
		{E227B177-91FA-4F02-8666-2AE195744E95}.Debug|Win32.Build.0 = Debug|Win32
		{E227B177-91FA-4F02-8666-2AE195744E95}.Release|Win32.ActiveCfg = Release|Win32
		{E227B177-91FA-4F02-8666-2AE195744E95}.Release|Win32.Build.0 = Release|Win32
		{1C2A82E7-51E5-4185-BDBC-396B5DBD5097}.Debug|Win32.ActiveCfg = Debug|Win32
		{1C2A82E7-51E5-4185-BDBC-396B5DBD5097}.Debug|Win32.Build.0 = Debug|Win32
		{1C2A82E7-51E5-4185-BDBC-396B5DBD5097}.Release|Win32.ActiveCfg = Release|Win32
		{1C2A82E7-51E5-4185-BDBC-396B5DBD5097}.Release|Win32.Build.0 = Release|Win32
		{C5233479-382D-43FA-BAA5-80B9F15C5C9E}.Debug|Win32.ActiveCfg = Debug|Win32
		{C5233479-382D-43FA-BAA5-80B9F15C5C9E}.Debug|Win32.Build.0 = Debug|Win32
		{C5233479-382D-43FA-BAA5-80B9F15C5C9E}.Release|Win32.ActiveCfg = Release|Win32
		{C5233479-382D-43FA-BAA5-80B9F15C5C9E}.Release|Win32.Build.0 = Release|Win32
		{9D7112FA-78D6-49CE-959A-98A89F917DED}.Debug|Win32.ActiveCfg = Debug|Win32
		{9D7112FA-78D6-49CE-959A-98A89F917DED}.Debug|Win32.Build.0 = Debug|Win32
		{9D7112FA-78D6-49CE-959A-98A89F917DED}.Release|Win32.ActiveCfg = Release|Win32
		{9D7112FA-78D6-49CE-959A-98A89F917DED}.Release|Win32.Build.0 = Release|Win32
	EndGlobalSection
	GlobalSection(SolutionProperties) = preSolution
		HideSolutionNode = FALSE
	EndGlobalSection
EndGlobal
